
Microsoft Visual Studio Solution File, Format Version 12.00
# Visual Studio 15
VisualStudioVersion = 15.0.27130.2036
MinimumVisualStudioVersion = 10.0.40219.1
Project("{FAE04EC0-301F-11D3-BF4B-00C04F79EFBC}") = "GalaxyScene", "GalaxyScene\GalaxyScene.csproj", "{A13D036D-1EBF-4706-A5D0-82C920C93013}"
EndProject
Global
	GlobalSection(SolutionConfigurationPlatforms) = preSolution
		Debug|x86 = Debug|x86
		Release|x86 = Release|x86
	EndGlobalSection
	GlobalSection(ProjectConfigurationPlatforms) = postSolution
		{A13D036D-1EBF-4706-A5D0-82C920C93013}.Debug|x86.ActiveCfg = Debug|x86
		{A13D036D-1EBF-4706-A5D0-82C920C93013}.Debug|x86.Build.0 = Debug|x86
		{A13D036D-1EBF-4706-A5D0-82C920C93013}.Release|x86.ActiveCfg = Release|x86
		{A13D036D-1EBF-4706-A5D0-82C920C93013}.Release|x86.Build.0 = Release|x86
	EndGlobalSection
	GlobalSection(SolutionProperties) = preSolution
		HideSolutionNode = FALSE
	EndGlobalSection
	GlobalSection(ExtensibilityGlobals) = postSolution
		SolutionGuid = {ABC5E02F-A8BD-44B7-9FE2-D41A6FE23DC6}
	EndGlobalSection
EndGlobal
